
Microsoft Visual Studio Solution File, Format Version 12.00
# Visual Studio Version 17
VisualStudioVersion = 17.14.35906.104
MinimumVisualStudioVersion = 10.0.40219.1
Project("{FAE04EC0-301F-11D3-BF4B-00C04F79EFBC}") = "基础模块", "Common\基础模块.csproj", "{0FF0993E-3569-420D-9329-3D0CFFE70762}"
EndProject
Project("{FAE04EC0-301F-11D3-BF4B-00C04F79EFBC}") = "桑能", "SangNeng\桑能.csproj", "{7BC10AEE-CFDB-4AC2-ACC0-7EEA2B5101D0}"
EndProject
Project("{2150E333-8FDC-42A3-9474-1A3956D46DE8}") = "项目服务", "项目服务", "{33BC6464-C5AF-4125-8D75-EB40090B33B1}"
EndProject
Project("{2150E333-8FDC-42A3-9474-1A3956D46DE8}") = "摆轮", "摆轮", "{D4EA3B86-3C0A-4B2E-9D3D-792999DB8F89}"
EndProject
Project("{2150E333-8FDC-42A3-9474-1A3956D46DE8}") = "其他", "其他", "{536E0F21-D8D0-4BA6-BDE1-242BBAF0CFB2}"
EndProject
Project("{2150E333-8FDC-42A3-9474-1A3956D46DE8}") = "模组带", "模组带", "{C61D1924-48CA-4B33-8AED-7CBC5A901E95}"
EndProject
Project("{FAE04EC0-301F-11D3-BF4B-00C04F79EFBC}") = "福州策力", "FuzhouPolicyForce\福州策力.csproj", "{B2B4ED50-DA71-4109-AFDC-AB8AB1E42EB2}"
EndProject
Project("{FAE04EC0-301F-11D3-BF4B-00C04F79EFBC}") = "新聚力", "XinJuLi\新聚力.csproj", "{F0C2A425-C24E-47B3-AD17-C71A040A4DDF}"
EndProject
Project("{2150E333-8FDC-42A3-9474-1A3956D46DE8}") = "快手", "快手", "{1CD879A2-FB05-4388-B0D3-DF2BFCC6D1BE}"
EndProject
Project("{FAE04EC0-301F-11D3-BF4B-00C04F79EFBC}") = "菜鸟", "Rookie\菜鸟.csproj", "{A216A592-3459-4815-98D1-9F0E7894BB98}"
EndProject
Project("{2150E333-8FDC-42A3-9474-1A3956D46DE8}") = "设备模块", "设备模块", "{0E772054-7531-4D26-93B2-D79D9F91F75D}"
EndProject
Project("{FAE04EC0-301F-11D3-BF4B-00C04F79EFBC}") = "相机模块", "Camera\相机模块.csproj", "{8E6542AF-E22A-4DE0-BF10-038D2D83AF91}"
EndProject
Project("{FAE04EC0-301F-11D3-BF4B-00C04F79EFBC}") = "称重模块", "Weight\称重模块.csproj", "{CE9BEE12-9292-4CCF-AA03-CEF7836BEF9D}"
EndProject
Project("{FAE04EC0-301F-11D3-BF4B-00C04F79EFBC}") = "小车模块", "Sorting-Car\小车模块.csproj", "{970D23CC-A3E6-4FF1-8632-5B5B662C1D64}"
EndProject
Project("{2150E333-8FDC-42A3-9474-1A3956D46DE8}") = "分拣模块", "分拣模块", "{40F48CFF-AD2E-45F3-8257-B43E5ABB8EA1}"
EndProject
Project("{FAE04EC0-301F-11D3-BF4B-00C04F79EFBC}") = "历史模块", "History\历史模块.csproj", "{64584896-ACE7-45EC-AF0C-08A9302D9E62}"
EndProject
Project("{FAE04EC0-301F-11D3-BF4B-00C04F79EFBC}") = "摆轮分拣", "BalanceSorting\摆轮分拣.csproj", "{2DE93672-24F7-4CBC-A7B9-112C123CBDF3}"
EndProject
Project("{FAE04EC0-301F-11D3-BF4B-00C04F79EFBC}") = "模组带分拣", "ModularStrapsSorting\模组带分拣.csproj", "{C29F6D79-DC9F-4C57-B606-3257EEBD6999}"
EndProject
Project("{2150E333-8FDC-42A3-9474-1A3956D46DE8}") = "播种墙", "播种墙", "{434CE7A7-F500-4C19-B9AA-F0349DF4619F}"
EndProject
Project("{FAE04EC0-301F-11D3-BF4B-00C04F79EFBC}") = "智利播种墙", "ChileSowing\智利播种墙.csproj", "{01090F3B-1F04-476B-AE17-D3743E5CD208}"
EndProject
Project("{FAE04EC0-301F-11D3-BF4B-00C04F79EFBC}") = "播种分拣", "SowingSorting\播种分拣.csproj", "{30BB91F5-CFEE-4FF5-9B15-6740D48D709D}"
EndProject
Project("{2150E333-8FDC-42A3-9474-1A3956D46DE8}") = "系统服务", "系统服务", "{BAE0C484-FBAD-4385-AD30-02C620B0C00C}"
EndProject
Project("{FAE04EC0-301F-11D3-BF4B-00C04F79EFBC}") = "系统服务", "Server\系统服务.csproj", "{7850C41A-4510-42E7-BE04-B46B3B48FB69}"
EndProject
Project("{FAE04EC0-301F-11D3-BF4B-00C04F79EFBC}") = "洛杉矶快手", "LosAngelesExpress\洛杉矶快手.csproj", "{63E8C5E8-0EEF-4289-BEDE-92B3D21E55F6}"
EndProject
Global
	GlobalSection(SolutionConfigurationPlatforms) = preSolution
		Debug|Any CPU = Debug|Any CPU
		Debug|x64 = Debug|x64
		Debug|x86 = Debug|x86
		Release|Any CPU = Release|Any CPU
		Release|x64 = Release|x64
		Release|x86 = Release|x86
	EndGlobalSection
	GlobalSection(ProjectConfigurationPlatforms) = postSolution
		{0FF0993E-3569-420D-9329-3D0CFFE70762}.Debug|Any CPU.ActiveCfg = Debug|Any CPU
		{0FF0993E-3569-420D-9329-3D0CFFE70762}.Debug|Any CPU.Build.0 = Debug|Any CPU
		{0FF0993E-3569-420D-9329-3D0CFFE70762}.Debug|x64.ActiveCfg = Debug|Any CPU
		{0FF0993E-3569-420D-9329-3D0CFFE70762}.Debug|x64.Build.0 = Debug|Any CPU
		{0FF0993E-3569-420D-9329-3D0CFFE70762}.Debug|x86.ActiveCfg = Debug|Any CPU
		{0FF0993E-3569-420D-9329-3D0CFFE70762}.Debug|x86.Build.0 = Debug|Any CPU
		{0FF0993E-3569-420D-9329-3D0CFFE70762}.Release|Any CPU.ActiveCfg = Release|Any CPU
		{0FF0993E-3569-420D-9329-3D0CFFE70762}.Release|Any CPU.Build.0 = Release|Any CPU
		{0FF0993E-3569-420D-9329-3D0CFFE70762}.Release|x64.ActiveCfg = Release|Any CPU
		{0FF0993E-3569-420D-9329-3D0CFFE70762}.Release|x64.Build.0 = Release|Any CPU
		{0FF0993E-3569-420D-9329-3D0CFFE70762}.Release|x86.ActiveCfg = Release|Any CPU
		{0FF0993E-3569-420D-9329-3D0CFFE70762}.Release|x86.Build.0 = Release|Any CPU
		{7BC10AEE-CFDB-4AC2-ACC0-7EEA2B5101D0}.Debug|Any CPU.ActiveCfg = Debug|Any CPU
		{7BC10AEE-CFDB-4AC2-ACC0-7EEA2B5101D0}.Debug|Any CPU.Build.0 = Debug|Any CPU
		{7BC10AEE-CFDB-4AC2-ACC0-7EEA2B5101D0}.Debug|x64.ActiveCfg = Debug|Any CPU
		{7BC10AEE-CFDB-4AC2-ACC0-7EEA2B5101D0}.Debug|x64.Build.0 = Debug|Any CPU
		{7BC10AEE-CFDB-4AC2-ACC0-7EEA2B5101D0}.Debug|x86.ActiveCfg = Debug|Any CPU
		{7BC10AEE-CFDB-4AC2-ACC0-7EEA2B5101D0}.Debug|x86.Build.0 = Debug|Any CPU
		{7BC10AEE-CFDB-4AC2-ACC0-7EEA2B5101D0}.Release|Any CPU.ActiveCfg = Release|Any CPU
		{7BC10AEE-CFDB-4AC2-ACC0-7EEA2B5101D0}.Release|Any CPU.Build.0 = Release|Any CPU
		{7BC10AEE-CFDB-4AC2-ACC0-7EEA2B5101D0}.Release|x64.ActiveCfg = Release|Any CPU
		{7BC10AEE-CFDB-4AC2-ACC0-7EEA2B5101D0}.Release|x64.Build.0 = Release|Any CPU
		{7BC10AEE-CFDB-4AC2-ACC0-7EEA2B5101D0}.Release|x86.ActiveCfg = Release|Any CPU
		{7BC10AEE-CFDB-4AC2-ACC0-7EEA2B5101D0}.Release|x86.Build.0 = Release|Any CPU
		{B2B4ED50-DA71-4109-AFDC-AB8AB1E42EB2}.Debug|Any CPU.ActiveCfg = Debug|Any CPU
		{B2B4ED50-DA71-4109-AFDC-AB8AB1E42EB2}.Debug|Any CPU.Build.0 = Debug|Any CPU
		{B2B4ED50-DA71-4109-AFDC-AB8AB1E42EB2}.Debug|x64.ActiveCfg = Debug|Any CPU
		{B2B4ED50-DA71-4109-AFDC-AB8AB1E42EB2}.Debug|x64.Build.0 = Debug|Any CPU
		{B2B4ED50-DA71-4109-AFDC-AB8AB1E42EB2}.Debug|x86.ActiveCfg = Debug|Any CPU
		{B2B4ED50-DA71-4109-AFDC-AB8AB1E42EB2}.Debug|x86.Build.0 = Debug|Any CPU
		{B2B4ED50-DA71-4109-AFDC-AB8AB1E42EB2}.Release|Any CPU.ActiveCfg = Release|Any CPU
		{B2B4ED50-DA71-4109-AFDC-AB8AB1E42EB2}.Release|Any CPU.Build.0 = Release|Any CPU
		{B2B4ED50-DA71-4109-AFDC-AB8AB1E42EB2}.Release|x64.ActiveCfg = Release|Any CPU
		{B2B4ED50-DA71-4109-AFDC-AB8AB1E42EB2}.Release|x64.Build.0 = Release|Any CPU
		{B2B4ED50-DA71-4109-AFDC-AB8AB1E42EB2}.Release|x86.ActiveCfg = Release|Any CPU
		{B2B4ED50-DA71-4109-AFDC-AB8AB1E42EB2}.Release|x86.Build.0 = Release|Any CPU
		{F0C2A425-C24E-47B3-AD17-C71A040A4DDF}.Debug|Any CPU.ActiveCfg = Debug|Any CPU
		{F0C2A425-C24E-47B3-AD17-C71A040A4DDF}.Debug|Any CPU.Build.0 = Debug|Any CPU
		{F0C2A425-C24E-47B3-AD17-C71A040A4DDF}.Debug|x64.ActiveCfg = Debug|Any CPU
		{F0C2A425-C24E-47B3-AD17-C71A040A4DDF}.Debug|x64.Build.0 = Debug|Any CPU
		{F0C2A425-C24E-47B3-AD17-C71A040A4DDF}.Debug|x86.ActiveCfg = Debug|Any CPU
		{F0C2A425-C24E-47B3-AD17-C71A040A4DDF}.Debug|x86.Build.0 = Debug|Any CPU
		{F0C2A425-C24E-47B3-AD17-C71A040A4DDF}.Release|Any CPU.ActiveCfg = Release|Any CPU
		{F0C2A425-C24E-47B3-AD17-C71A040A4DDF}.Release|Any CPU.Build.0 = Release|Any CPU
		{F0C2A425-C24E-47B3-AD17-C71A040A4DDF}.Release|x64.ActiveCfg = Release|Any CPU
		{F0C2A425-C24E-47B3-AD17-C71A040A4DDF}.Release|x64.Build.0 = Release|Any CPU
		{F0C2A425-C24E-47B3-AD17-C71A040A4DDF}.Release|x86.ActiveCfg = Release|Any CPU
		{F0C2A425-C24E-47B3-AD17-C71A040A4DDF}.Release|x86.Build.0 = Release|Any CPU
		{A216A592-3459-4815-98D1-9F0E7894BB98}.Debug|Any CPU.ActiveCfg = Debug|Any CPU
		{A216A592-3459-4815-98D1-9F0E7894BB98}.Debug|Any CPU.Build.0 = Debug|Any CPU
		{A216A592-3459-4815-98D1-9F0E7894BB98}.Debug|x64.ActiveCfg = Debug|Any CPU
		{A216A592-3459-4815-98D1-9F0E7894BB98}.Debug|x64.Build.0 = Debug|Any CPU
		{A216A592-3459-4815-98D1-9F0E7894BB98}.Debug|x86.ActiveCfg = Debug|Any CPU
		{A216A592-3459-4815-98D1-9F0E7894BB98}.Debug|x86.Build.0 = Debug|Any CPU
		{A216A592-3459-4815-98D1-9F0E7894BB98}.Release|Any CPU.ActiveCfg = Release|Any CPU
		{A216A592-3459-4815-98D1-9F0E7894BB98}.Release|Any CPU.Build.0 = Release|Any CPU
		{A216A592-3459-4815-98D1-9F0E7894BB98}.Release|x64.ActiveCfg = Release|Any CPU
		{A216A592-3459-4815-98D1-9F0E7894BB98}.Release|x64.Build.0 = Release|Any CPU
		{A216A592-3459-4815-98D1-9F0E7894BB98}.Release|x86.ActiveCfg = Release|Any CPU
		{A216A592-3459-4815-98D1-9F0E7894BB98}.Release|x86.Build.0 = Release|Any CPU
		{8E6542AF-E22A-4DE0-BF10-038D2D83AF91}.Debug|Any CPU.ActiveCfg = Debug|Any CPU
		{8E6542AF-E22A-4DE0-BF10-038D2D83AF91}.Debug|Any CPU.Build.0 = Debug|Any CPU
		{8E6542AF-E22A-4DE0-BF10-038D2D83AF91}.Debug|x64.ActiveCfg = Debug|Any CPU
		{8E6542AF-E22A-4DE0-BF10-038D2D83AF91}.Debug|x64.Build.0 = Debug|Any CPU
		{8E6542AF-E22A-4DE0-BF10-038D2D83AF91}.Debug|x86.ActiveCfg = Debug|Any CPU
		{8E6542AF-E22A-4DE0-BF10-038D2D83AF91}.Debug|x86.Build.0 = Debug|Any CPU
		{8E6542AF-E22A-4DE0-BF10-038D2D83AF91}.Release|Any CPU.ActiveCfg = Release|Any CPU
		{8E6542AF-E22A-4DE0-BF10-038D2D83AF91}.Release|Any CPU.Build.0 = Release|Any CPU
		{8E6542AF-E22A-4DE0-BF10-038D2D83AF91}.Release|x64.ActiveCfg = Release|Any CPU
		{8E6542AF-E22A-4DE0-BF10-038D2D83AF91}.Release|x64.Build.0 = Release|Any CPU
		{8E6542AF-E22A-4DE0-BF10-038D2D83AF91}.Release|x86.ActiveCfg = Release|Any CPU
		{8E6542AF-E22A-4DE0-BF10-038D2D83AF91}.Release|x86.Build.0 = Release|Any CPU
		{CE9BEE12-9292-4CCF-AA03-CEF7836BEF9D}.Debug|Any CPU.ActiveCfg = Debug|Any CPU
		{CE9BEE12-9292-4CCF-AA03-CEF7836BEF9D}.Debug|Any CPU.Build.0 = Debug|Any CPU
		{CE9BEE12-9292-4CCF-AA03-CEF7836BEF9D}.Debug|x64.ActiveCfg = Debug|Any CPU
		{CE9BEE12-9292-4CCF-AA03-CEF7836BEF9D}.Debug|x64.Build.0 = Debug|Any CPU
		{CE9BEE12-9292-4CCF-AA03-CEF7836BEF9D}.Debug|x86.ActiveCfg = Debug|Any CPU
		{CE9BEE12-9292-4CCF-AA03-CEF7836BEF9D}.Debug|x86.Build.0 = Debug|Any CPU
		{CE9BEE12-9292-4CCF-AA03-CEF7836BEF9D}.Release|Any CPU.ActiveCfg = Release|Any CPU
		{CE9BEE12-9292-4CCF-AA03-CEF7836BEF9D}.Release|Any CPU.Build.0 = Release|Any CPU
		{CE9BEE12-9292-4CCF-AA03-CEF7836BEF9D}.Release|x64.ActiveCfg = Release|Any CPU
		{CE9BEE12-9292-4CCF-AA03-CEF7836BEF9D}.Release|x64.Build.0 = Release|Any CPU
		{CE9BEE12-9292-4CCF-AA03-CEF7836BEF9D}.Release|x86.ActiveCfg = Release|Any CPU
		{CE9BEE12-9292-4CCF-AA03-CEF7836BEF9D}.Release|x86.Build.0 = Release|Any CPU
		{970D23CC-A3E6-4FF1-8632-5B5B662C1D64}.Debug|Any CPU.ActiveCfg = Debug|Any CPU
		{970D23CC-A3E6-4FF1-8632-5B5B662C1D64}.Debug|Any CPU.Build.0 = Debug|Any CPU
		{970D23CC-A3E6-4FF1-8632-5B5B662C1D64}.Debug|x64.ActiveCfg = Debug|Any CPU
		{970D23CC-A3E6-4FF1-8632-5B5B662C1D64}.Debug|x64.Build.0 = Debug|Any CPU
		{970D23CC-A3E6-4FF1-8632-5B5B662C1D64}.Debug|x86.ActiveCfg = Debug|Any CPU
		{970D23CC-A3E6-4FF1-8632-5B5B662C1D64}.Debug|x86.Build.0 = Debug|Any CPU
		{970D23CC-A3E6-4FF1-8632-5B5B662C1D64}.Release|Any CPU.ActiveCfg = Release|Any CPU
		{970D23CC-A3E6-4FF1-8632-5B5B662C1D64}.Release|Any CPU.Build.0 = Release|Any CPU
		{970D23CC-A3E6-4FF1-8632-5B5B662C1D64}.Release|x64.ActiveCfg = Release|Any CPU
		{970D23CC-A3E6-4FF1-8632-5B5B662C1D64}.Release|x64.Build.0 = Release|Any CPU
		{970D23CC-A3E6-4FF1-8632-5B5B662C1D64}.Release|x86.ActiveCfg = Release|Any CPU
		{970D23CC-A3E6-4FF1-8632-5B5B662C1D64}.Release|x86.Build.0 = Release|Any CPU
		{64584896-ACE7-45EC-AF0C-08A9302D9E62}.Debug|Any CPU.ActiveCfg = Debug|Any CPU
		{64584896-ACE7-45EC-AF0C-08A9302D9E62}.Debug|Any CPU.Build.0 = Debug|Any CPU
		{64584896-ACE7-45EC-AF0C-08A9302D9E62}.Debug|x64.ActiveCfg = Debug|Any CPU
		{64584896-ACE7-45EC-AF0C-08A9302D9E62}.Debug|x64.Build.0 = Debug|Any CPU
		{64584896-ACE7-45EC-AF0C-08A9302D9E62}.Debug|x86.ActiveCfg = Debug|Any CPU
		{64584896-ACE7-45EC-AF0C-08A9302D9E62}.Debug|x86.Build.0 = Debug|Any CPU
		{64584896-ACE7-45EC-AF0C-08A9302D9E62}.Release|Any CPU.ActiveCfg = Release|Any CPU
		{64584896-ACE7-45EC-AF0C-08A9302D9E62}.Release|Any CPU.Build.0 = Release|Any CPU
		{64584896-ACE7-45EC-AF0C-08A9302D9E62}.Release|x64.ActiveCfg = Release|Any CPU
		{64584896-ACE7-45EC-AF0C-08A9302D9E62}.Release|x64.Build.0 = Release|Any CPU
		{64584896-ACE7-45EC-AF0C-08A9302D9E62}.Release|x86.ActiveCfg = Release|Any CPU
		{64584896-ACE7-45EC-AF0C-08A9302D9E62}.Release|x86.Build.0 = Release|Any CPU
		{2DE93672-24F7-4CBC-A7B9-112C123CBDF3}.Debug|Any CPU.ActiveCfg = Debug|Any CPU
		{2DE93672-24F7-4CBC-A7B9-112C123CBDF3}.Debug|Any CPU.Build.0 = Debug|Any CPU
		{2DE93672-24F7-4CBC-A7B9-112C123CBDF3}.Debug|x64.ActiveCfg = Debug|Any CPU
		{2DE93672-24F7-4CBC-A7B9-112C123CBDF3}.Debug|x64.Build.0 = Debug|Any CPU
		{2DE93672-24F7-4CBC-A7B9-112C123CBDF3}.Debug|x86.ActiveCfg = Debug|Any CPU
		{2DE93672-24F7-4CBC-A7B9-112C123CBDF3}.Debug|x86.Build.0 = Debug|Any CPU
		{2DE93672-24F7-4CBC-A7B9-112C123CBDF3}.Release|Any CPU.ActiveCfg = Release|Any CPU
		{2DE93672-24F7-4CBC-A7B9-112C123CBDF3}.Release|Any CPU.Build.0 = Release|Any CPU
		{2DE93672-24F7-4CBC-A7B9-112C123CBDF3}.Release|x64.ActiveCfg = Release|Any CPU
		{2DE93672-24F7-4CBC-A7B9-112C123CBDF3}.Release|x64.Build.0 = Release|Any CPU
		{2DE93672-24F7-4CBC-A7B9-112C123CBDF3}.Release|x86.ActiveCfg = Release|Any CPU
		{2DE93672-24F7-4CBC-A7B9-112C123CBDF3}.Release|x86.Build.0 = Release|Any CPU
		{C29F6D79-DC9F-4C57-B606-3257EEBD6999}.Debug|Any CPU.ActiveCfg = Debug|Any CPU
		{C29F6D79-DC9F-4C57-B606-3257EEBD6999}.Debug|Any CPU.Build.0 = Debug|Any CPU
		{C29F6D79-DC9F-4C57-B606-3257EEBD6999}.Debug|x64.ActiveCfg = Debug|Any CPU
		{C29F6D79-DC9F-4C57-B606-3257EEBD6999}.Debug|x64.Build.0 = Debug|Any CPU
		{C29F6D79-DC9F-4C57-B606-3257EEBD6999}.Debug|x86.ActiveCfg = Debug|Any CPU
		{C29F6D79-DC9F-4C57-B606-3257EEBD6999}.Debug|x86.Build.0 = Debug|Any CPU
		{C29F6D79-DC9F-4C57-B606-3257EEBD6999}.Release|Any CPU.ActiveCfg = Release|Any CPU
		{C29F6D79-DC9F-4C57-B606-3257EEBD6999}.Release|Any CPU.Build.0 = Release|Any CPU
		{C29F6D79-DC9F-4C57-B606-3257EEBD6999}.Release|x64.ActiveCfg = Release|Any CPU
		{C29F6D79-DC9F-4C57-B606-3257EEBD6999}.Release|x64.Build.0 = Release|Any CPU
		{C29F6D79-DC9F-4C57-B606-3257EEBD6999}.Release|x86.ActiveCfg = Release|Any CPU
		{C29F6D79-DC9F-4C57-B606-3257EEBD6999}.Release|x86.Build.0 = Release|Any CPU
		{01090F3B-1F04-476B-AE17-D3743E5CD208}.Debug|Any CPU.ActiveCfg = Debug|Any CPU
		{01090F3B-1F04-476B-AE17-D3743E5CD208}.Debug|Any CPU.Build.0 = Debug|Any CPU
		{01090F3B-1F04-476B-AE17-D3743E5CD208}.Debug|x64.ActiveCfg = Debug|Any CPU
		{01090F3B-1F04-476B-AE17-D3743E5CD208}.Debug|x64.Build.0 = Debug|Any CPU
		{01090F3B-1F04-476B-AE17-D3743E5CD208}.Debug|x86.ActiveCfg = Debug|Any CPU
		{01090F3B-1F04-476B-AE17-D3743E5CD208}.Debug|x86.Build.0 = Debug|Any CPU
		{01090F3B-1F04-476B-AE17-D3743E5CD208}.Release|Any CPU.ActiveCfg = Release|Any CPU
		{01090F3B-1F04-476B-AE17-D3743E5CD208}.Release|Any CPU.Build.0 = Release|Any CPU
		{01090F3B-1F04-476B-AE17-D3743E5CD208}.Release|x64.ActiveCfg = Release|Any CPU
		{01090F3B-1F04-476B-AE17-D3743E5CD208}.Release|x64.Build.0 = Release|Any CPU
		{01090F3B-1F04-476B-AE17-D3743E5CD208}.Release|x86.ActiveCfg = Release|Any CPU
		{01090F3B-1F04-476B-AE17-D3743E5CD208}.Release|x86.Build.0 = Release|Any CPU
		{30BB91F5-CFEE-4FF5-9B15-6740D48D709D}.Debug|Any CPU.ActiveCfg = Debug|Any CPU
		{30BB91F5-CFEE-4FF5-9B15-6740D48D709D}.Debug|Any CPU.Build.0 = Debug|Any CPU
		{30BB91F5-CFEE-4FF5-9B15-6740D48D709D}.Debug|x64.ActiveCfg = Debug|Any CPU
		{30BB91F5-CFEE-4FF5-9B15-6740D48D709D}.Debug|x64.Build.0 = Debug|Any CPU
		{30BB91F5-CFEE-4FF5-9B15-6740D48D709D}.Debug|x86.ActiveCfg = Debug|Any CPU
		{30BB91F5-CFEE-4FF5-9B15-6740D48D709D}.Debug|x86.Build.0 = Debug|Any CPU
		{30BB91F5-CFEE-4FF5-9B15-6740D48D709D}.Release|Any CPU.ActiveCfg = Release|Any CPU
		{30BB91F5-CFEE-4FF5-9B15-6740D48D709D}.Release|Any CPU.Build.0 = Release|Any CPU
		{30BB91F5-CFEE-4FF5-9B15-6740D48D709D}.Release|x64.ActiveCfg = Release|Any CPU
		{30BB91F5-CFEE-4FF5-9B15-6740D48D709D}.Release|x64.Build.0 = Release|Any CPU
		{30BB91F5-CFEE-4FF5-9B15-6740D48D709D}.Release|x86.ActiveCfg = Release|Any CPU
		{30BB91F5-CFEE-4FF5-9B15-6740D48D709D}.Release|x86.Build.0 = Release|Any CPU
		{7850C41A-4510-42E7-BE04-B46B3B48FB69}.Debug|Any CPU.ActiveCfg = Debug|Any CPU
		{7850C41A-4510-42E7-BE04-B46B3B48FB69}.Debug|Any CPU.Build.0 = Debug|Any CPU
		{7850C41A-4510-42E7-BE04-B46B3B48FB69}.Debug|x64.ActiveCfg = Debug|Any CPU
		{7850C41A-4510-42E7-BE04-B46B3B48FB69}.Debug|x64.Build.0 = Debug|Any CPU
		{7850C41A-4510-42E7-BE04-B46B3B48FB69}.Debug|x86.ActiveCfg = Debug|Any CPU
		{7850C41A-4510-42E7-BE04-B46B3B48FB69}.Debug|x86.Build.0 = Debug|Any CPU
		{7850C41A-4510-42E7-BE04-B46B3B48FB69}.Release|Any CPU.ActiveCfg = Release|Any CPU
		{7850C41A-4510-42E7-BE04-B46B3B48FB69}.Release|Any CPU.Build.0 = Release|Any CPU
		{7850C41A-4510-42E7-BE04-B46B3B48FB69}.Release|x64.ActiveCfg = Release|Any CPU
		{7850C41A-4510-42E7-BE04-B46B3B48FB69}.Release|x64.Build.0 = Release|Any CPU
		{7850C41A-4510-42E7-BE04-B46B3B48FB69}.Release|x86.ActiveCfg = Release|Any CPU
		{7850C41A-4510-42E7-BE04-B46B3B48FB69}.Release|x86.Build.0 = Release|Any CPU
		{63E8C5E8-0EEF-4289-BEDE-92B3D21E55F6}.Debug|Any CPU.ActiveCfg = Debug|Any CPU
		{63E8C5E8-0EEF-4289-BEDE-92B3D21E55F6}.Debug|Any CPU.Build.0 = Debug|Any CPU
		{63E8C5E8-0EEF-4289-BEDE-92B3D21E55F6}.Debug|x64.ActiveCfg = Debug|Any CPU
		{63E8C5E8-0EEF-4289-BEDE-92B3D21E55F6}.Debug|x64.Build.0 = Debug|Any CPU
		{63E8C5E8-0EEF-4289-BEDE-92B3D21E55F6}.Debug|x86.ActiveCfg = Debug|Any CPU
		{63E8C5E8-0EEF-4289-BEDE-92B3D21E55F6}.Debug|x86.Build.0 = Debug|Any CPU
		{63E8C5E8-0EEF-4289-BEDE-92B3D21E55F6}.Release|Any CPU.ActiveCfg = Release|Any CPU
		{63E8C5E8-0EEF-4289-BEDE-92B3D21E55F6}.Release|Any CPU.Build.0 = Release|Any CPU
		{63E8C5E8-0EEF-4289-BEDE-92B3D21E55F6}.Release|x64.ActiveCfg = Release|Any CPU
		{63E8C5E8-0EEF-4289-BEDE-92B3D21E55F6}.Release|x64.Build.0 = Release|Any CPU
		{63E8C5E8-0EEF-4289-BEDE-92B3D21E55F6}.Release|x86.ActiveCfg = Release|Any CPU
		{63E8C5E8-0EEF-4289-BEDE-92B3D21E55F6}.Release|x86.Build.0 = Release|Any CPU
	EndGlobalSection
	GlobalSection(SolutionProperties) = preSolution
		HideSolutionNode = FALSE
	EndGlobalSection
	GlobalSection(NestedProjects) = preSolution
		{7BC10AEE-CFDB-4AC2-ACC0-7EEA2B5101D0} = {536E0F21-D8D0-4BA6-BDE1-242BBAF0CFB2}
		{D4EA3B86-3C0A-4B2E-9D3D-792999DB8F89} = {33BC6464-C5AF-4125-8D75-EB40090B33B1}
		{536E0F21-D8D0-4BA6-BDE1-242BBAF0CFB2} = {33BC6464-C5AF-4125-8D75-EB40090B33B1}
		{C61D1924-48CA-4B33-8AED-7CBC5A901E95} = {33BC6464-C5AF-4125-8D75-EB40090B33B1}
		{B2B4ED50-DA71-4109-AFDC-AB8AB1E42EB2} = {D4EA3B86-3C0A-4B2E-9D3D-792999DB8F89}
		{F0C2A425-C24E-47B3-AD17-C71A040A4DDF} = {D4EA3B86-3C0A-4B2E-9D3D-792999DB8F89}
		{1CD879A2-FB05-4388-B0D3-DF2BFCC6D1BE} = {33BC6464-C5AF-4125-8D75-EB40090B33B1}
		{A216A592-3459-4815-98D1-9F0E7894BB98} = {1CD879A2-FB05-4388-B0D3-DF2BFCC6D1BE}
		{8E6542AF-E22A-4DE0-BF10-038D2D83AF91} = {0E772054-7531-4D26-93B2-D79D9F91F75D}
		{CE9BEE12-9292-4CCF-AA03-CEF7836BEF9D} = {0E772054-7531-4D26-93B2-D79D9F91F75D}
		{970D23CC-A3E6-4FF1-8632-5B5B662C1D64} = {40F48CFF-AD2E-45F3-8257-B43E5ABB8EA1}
		{2DE93672-24F7-4CBC-A7B9-112C123CBDF3} = {40F48CFF-AD2E-45F3-8257-B43E5ABB8EA1}
		{C29F6D79-DC9F-4C57-B606-3257EEBD6999} = {40F48CFF-AD2E-45F3-8257-B43E5ABB8EA1}
		{434CE7A7-F500-4C19-B9AA-F0349DF4619F} = {33BC6464-C5AF-4125-8D75-EB40090B33B1}
		{01090F3B-1F04-476B-AE17-D3743E5CD208} = {434CE7A7-F500-4C19-B9AA-F0349DF4619F}
		{30BB91F5-CFEE-4FF5-9B15-6740D48D709D} = {40F48CFF-AD2E-45F3-8257-B43E5ABB8EA1}
		{7850C41A-4510-42E7-BE04-B46B3B48FB69} = {BAE0C484-FBAD-4385-AD30-02C620B0C00C}
		{63E8C5E8-0EEF-4289-BEDE-92B3D21E55F6} = {1CD879A2-FB05-4388-B0D3-DF2BFCC6D1BE}
	EndGlobalSection
	GlobalSection(ExtensibilityGlobals) = postSolution
		SolutionGuid = {6D377202-0D2B-49BB-8FB3-D067A4AB4020}
	EndGlobalSection
EndGlobal
