
Microsoft Visual Studio Solution File, Format Version 12.00
# Visual Studio Version 17
VisualStudioVersion = 17.14.35906.104
MinimumVisualStudioVersion = 10.0.40219.1
Project("{FAE04EC0-301F-11D3-BF4B-00C04F79EFBC}") = "笨鸟", "BenFly\笨鸟.csproj", "{18448ED3-612A-4C22-B5C8-5702AE299C44}"
EndProject
Project("{FAE04EC0-301F-11D3-BF4B-00C04F79EFBC}") = "基础模块", "Common\基础模块.csproj", "{0FF0993E-3569-420D-9329-3D0CFFE70762}"
EndProject
Project("{FAE04EC0-301F-11D3-BF4B-00C04F79EFBC}") = "桑能", "SangNeng\桑能.csproj", "{7BC10AEE-CFDB-4AC2-ACC0-7EEA2B5101D0}"
EndProject
Project("{FAE04EC0-301F-11D3-BF4B-00C04F79EFBC}") = "快驴", "KuaiLv\快驴.csproj", "{DAEBCE9D-CA3A-490A-8CE7-6C740DA4120A}"
EndProject
Project("{FAE04EC0-301F-11D3-BF4B-00C04F79EFBC}") = "东台翻板机", "PlateTurnoverMachine\东台翻板机.csproj", "{B4BDBD30-B534-484E-BD7E-D189AAB20880}"
EndProject
Project("{FAE04EC0-301F-11D3-BF4B-00C04F79EFBC}") = "新北洋", "XinBeiYang\新北洋.csproj", "{BF3C86F1-5369-4D5F-BADD-889CD791C8B1}"
EndProject
Project("{2150E333-8FDC-42A3-9474-1A3956D46DE8}") = "项目服务", "项目服务", "{33BC6464-C5AF-4125-8D75-EB40090B33B1}"
EndProject
Project("{FAE04EC0-301F-11D3-BF4B-00C04F79EFBC}") = "中通云仓", "ZtCloudWarehous\中通云仓.csproj", "{AB8FC963-40FC-4B9C-B0CB-B806C376B8EE}"
EndProject
Project("{FAE04EC0-301F-11D3-BF4B-00C04F79EFBC}") = "欣巴", "XinBa\欣巴.csproj", "{82238AC2-7FB6-4C08-91D6-C952BF6559F4}"
EndProject
Project("{FAE04EC0-301F-11D3-BF4B-00C04F79EFBC}") = "上海模组带", "Modules\上海模组带.csproj", "{4AA4D937-CECA-47D4-839C-BE0D0C6544A1}"
EndProject
Project("{2150E333-8FDC-42A3-9474-1A3956D46DE8}") = "摆轮", "摆轮", "{D4EA3B86-3C0A-4B2E-9D3D-792999DB8F89}"
EndProject
Project("{2150E333-8FDC-42A3-9474-1A3956D46DE8}") = "其他", "其他", "{536E0F21-D8D0-4BA6-BDE1-242BBAF0CFB2}"
EndProject
Project("{2150E333-8FDC-42A3-9474-1A3956D46DE8}") = "模组带", "模组带", "{C61D1924-48CA-4B33-8AED-7CBC5A901E95}"
EndProject
Project("{2150E333-8FDC-42A3-9474-1A3956D46DE8}") = "翻版机", "翻版机", "{D9AF5089-5603-4C6D-BBF1-AE0888FC9FA0}"
EndProject
Project("{FAE04EC0-301F-11D3-BF4B-00C04F79EFBC}") = "福州策力", "FuzhouPolicyForce\福州策力.csproj", "{B2B4ED50-DA71-4109-AFDC-AB8AB1E42EB2}"
EndProject
Project("{FAE04EC0-301F-11D3-BF4B-00C04F79EFBC}") = "重庆夜客来", "ChongqingJushuitan\重庆夜客来.csproj", "{71B7B836-E605-4057-80BF-BD2A22B01829}"
EndProject
Project("{FAE04EC0-301F-11D3-BF4B-00C04F79EFBC}") = "新聚力", "XinJuLi\新聚力.csproj", "{F0C2A425-C24E-47B3-AD17-C71A040A4DDF}"
EndProject
Project("{FAE04EC0-301F-11D3-BF4B-00C04F79EFBC}") = "汇鑫", "HuiXin\汇鑫.csproj", "{984D9F9E-3ACE-4CB7-82DE-431D23D5BDE9}"
EndProject
Project("{2150E333-8FDC-42A3-9474-1A3956D46DE8}") = "小车", "小车", "{02EA681E-C7D8-13C7-8484-4AC65E1B71E8}"
EndProject
Project("{2150E333-8FDC-42A3-9474-1A3956D46DE8}") = "快手", "快手", "{1CD879A2-FB05-4388-B0D3-DF2BFCC6D1BE}"
EndProject
Project("{FAE04EC0-301F-11D3-BF4B-00C04F79EFBC}") = "菜鸟", "Rookie\菜鸟.csproj", "{A216A592-3459-4815-98D1-9F0E7894BB98}"
EndProject
Project("{FAE04EC0-301F-11D3-BF4B-00C04F79EFBC}") = "卫慈模组带", "WeiCiModule\卫慈模组带.csproj", "{0BF7AFCA-EC49-4784-A436-B908F4ED2086}"
EndProject
Project("{2150E333-8FDC-42A3-9474-1A3956D46DE8}") = "设备模块", "设备模块", "{0E772054-7531-4D26-93B2-D79D9F91F75D}"
EndProject
Project("{FAE04EC0-301F-11D3-BF4B-00C04F79EFBC}") = "相机模块", "Camera\相机模块.csproj", "{8E6542AF-E22A-4DE0-BF10-038D2D83AF91}"
EndProject
Project("{FAE04EC0-301F-11D3-BF4B-00C04F79EFBC}") = "称重模块", "Weight\称重模块.csproj", "{CE9BEE12-9292-4CCF-AA03-CEF7836BEF9D}"
EndProject
Project("{FAE04EC0-301F-11D3-BF4B-00C04F79EFBC}") = "小车模块", "Sorting-Car\小车模块.csproj", "{970D23CC-A3E6-4FF1-8632-5B5B662C1D64}"
EndProject
Project("{2150E333-8FDC-42A3-9474-1A3956D46DE8}") = "分拣模块", "分拣模块", "{40F48CFF-AD2E-45F3-8257-B43E5ABB8EA1}"
EndProject
Project("{FAE04EC0-301F-11D3-BF4B-00C04F79EFBC}") = "历史模块", "History\历史模块.csproj", "{64584896-ACE7-45EC-AF0C-08A9302D9E62}"
EndProject
Project("{FAE04EC0-301F-11D3-BF4B-00C04F79EFBC}") = "摆轮分拣", "BalanceSorting\摆轮分拣.csproj", "{2DE93672-24F7-4CBC-A7B9-112C123CBDF3}"
EndProject
Project("{FAE04EC0-301F-11D3-BF4B-00C04F79EFBC}") = "模组带分拣", "ModularStrapsSorting\模组带分拣.csproj", "{C29F6D79-DC9F-4C57-B606-3257EEBD6999}"
EndProject
Project("{2150E333-8FDC-42A3-9474-1A3956D46DE8}") = "播种墙", "播种墙", "{434CE7A7-F500-4C19-B9AA-F0349DF4619F}"
EndProject
Project("{FAE04EC0-301F-11D3-BF4B-00C04F79EFBC}") = "智利播种墙", "ChileSowing\智利播种墙.csproj", "{01090F3B-1F04-476B-AE17-D3743E5CD208}"
EndProject
Project("{FAE04EC0-301F-11D3-BF4B-00C04F79EFBC}") = "播种分拣", "SowingSorting\播种分拣.csproj", "{30BB91F5-CFEE-4FF5-9B15-6740D48D709D}"
EndProject
Project("{FAE04EC0-301F-11D3-BF4B-00C04F79EFBC}") = "金华启航", "JinHuaQiHang\金华启航.csproj", "{FD6D3867-D613-4FC0-B70F-58BE05BAFB7E}"
EndProject
Project("{2150E333-8FDC-42A3-9474-1A3956D46DE8}") = "系统服务", "系统服务", "{BAE0C484-FBAD-4385-AD30-02C620B0C00C}"
EndProject
Project("{FAE04EC0-301F-11D3-BF4B-00C04F79EFBC}") = "系统服务", "Server\系统服务.csproj", "{7850C41A-4510-42E7-BE04-B46B3B48FB69}"
EndProject
Project("{FAE04EC0-301F-11D3-BF4B-00C04F79EFBC}") = "洛杉矶快手", "LosAngelesExpress\洛杉矶快手.csproj", "{63E8C5E8-0EEF-4289-BEDE-92B3D21E55F6}"
EndProject
Project("{FAE04EC0-301F-11D3-BF4B-00C04F79EFBC}") = "展翔模组带", "ZhanxiangModule\展翔模组带.csproj", "{13AFE2E0-06A5-4806-8D0A-F2661918B9D3}"
EndProject
Project("{FAE04EC0-301F-11D3-BF4B-00C04F79EFBC}") = "TcpCameraSimulator", "TcpCameraSimulator\TcpCameraSimulator.csproj", "{D359D292-C30D-44B1-859D-464A0DE4ED25}"
EndProject
Global
	GlobalSection(SolutionConfigurationPlatforms) = preSolution
		Debug|Any CPU = Debug|Any CPU
		Debug|x64 = Debug|x64
		Debug|x86 = Debug|x86
		Release|Any CPU = Release|Any CPU
		Release|x64 = Release|x64
		Release|x86 = Release|x86
	EndGlobalSection
	GlobalSection(ProjectConfigurationPlatforms) = postSolution
		{18448ED3-612A-4C22-B5C8-5702AE299C44}.Debug|Any CPU.ActiveCfg = Debug|Any CPU
		{18448ED3-612A-4C22-B5C8-5702AE299C44}.Debug|Any CPU.Build.0 = Debug|Any CPU
		{18448ED3-612A-4C22-B5C8-5702AE299C44}.Debug|x64.ActiveCfg = Debug|Any CPU
		{18448ED3-612A-4C22-B5C8-5702AE299C44}.Debug|x64.Build.0 = Debug|Any CPU
		{18448ED3-612A-4C22-B5C8-5702AE299C44}.Debug|x86.ActiveCfg = Debug|Any CPU
		{18448ED3-612A-4C22-B5C8-5702AE299C44}.Debug|x86.Build.0 = Debug|Any CPU
		{18448ED3-612A-4C22-B5C8-5702AE299C44}.Release|Any CPU.ActiveCfg = Release|Any CPU
		{18448ED3-612A-4C22-B5C8-5702AE299C44}.Release|Any CPU.Build.0 = Release|Any CPU
		{18448ED3-612A-4C22-B5C8-5702AE299C44}.Release|x64.ActiveCfg = Release|Any CPU
		{18448ED3-612A-4C22-B5C8-5702AE299C44}.Release|x64.Build.0 = Release|Any CPU
		{18448ED3-612A-4C22-B5C8-5702AE299C44}.Release|x86.ActiveCfg = Release|Any CPU
		{18448ED3-612A-4C22-B5C8-5702AE299C44}.Release|x86.Build.0 = Release|Any CPU
		{0FF0993E-3569-420D-9329-3D0CFFE70762}.Debug|Any CPU.ActiveCfg = Debug|Any CPU
		{0FF0993E-3569-420D-9329-3D0CFFE70762}.Debug|Any CPU.Build.0 = Debug|Any CPU
		{0FF0993E-3569-420D-9329-3D0CFFE70762}.Debug|x64.ActiveCfg = Debug|Any CPU
		{0FF0993E-3569-420D-9329-3D0CFFE70762}.Debug|x64.Build.0 = Debug|Any CPU
		{0FF0993E-3569-420D-9329-3D0CFFE70762}.Debug|x86.ActiveCfg = Debug|Any CPU
		{0FF0993E-3569-420D-9329-3D0CFFE70762}.Debug|x86.Build.0 = Debug|Any CPU
		{0FF0993E-3569-420D-9329-3D0CFFE70762}.Release|Any CPU.ActiveCfg = Release|Any CPU
		{0FF0993E-3569-420D-9329-3D0CFFE70762}.Release|Any CPU.Build.0 = Release|Any CPU
		{0FF0993E-3569-420D-9329-3D0CFFE70762}.Release|x64.ActiveCfg = Release|Any CPU
		{0FF0993E-3569-420D-9329-3D0CFFE70762}.Release|x64.Build.0 = Release|Any CPU
		{0FF0993E-3569-420D-9329-3D0CFFE70762}.Release|x86.ActiveCfg = Release|Any CPU
		{0FF0993E-3569-420D-9329-3D0CFFE70762}.Release|x86.Build.0 = Release|Any CPU
		{7BC10AEE-CFDB-4AC2-ACC0-7EEA2B5101D0}.Debug|Any CPU.ActiveCfg = Debug|Any CPU
		{7BC10AEE-CFDB-4AC2-ACC0-7EEA2B5101D0}.Debug|Any CPU.Build.0 = Debug|Any CPU
		{7BC10AEE-CFDB-4AC2-ACC0-7EEA2B5101D0}.Debug|x64.ActiveCfg = Debug|Any CPU
		{7BC10AEE-CFDB-4AC2-ACC0-7EEA2B5101D0}.Debug|x64.Build.0 = Debug|Any CPU
		{7BC10AEE-CFDB-4AC2-ACC0-7EEA2B5101D0}.Debug|x86.ActiveCfg = Debug|Any CPU
		{7BC10AEE-CFDB-4AC2-ACC0-7EEA2B5101D0}.Debug|x86.Build.0 = Debug|Any CPU
		{7BC10AEE-CFDB-4AC2-ACC0-7EEA2B5101D0}.Release|Any CPU.ActiveCfg = Release|Any CPU
		{7BC10AEE-CFDB-4AC2-ACC0-7EEA2B5101D0}.Release|Any CPU.Build.0 = Release|Any CPU
		{7BC10AEE-CFDB-4AC2-ACC0-7EEA2B5101D0}.Release|x64.ActiveCfg = Release|Any CPU
		{7BC10AEE-CFDB-4AC2-ACC0-7EEA2B5101D0}.Release|x64.Build.0 = Release|Any CPU
		{7BC10AEE-CFDB-4AC2-ACC0-7EEA2B5101D0}.Release|x86.ActiveCfg = Release|Any CPU
		{7BC10AEE-CFDB-4AC2-ACC0-7EEA2B5101D0}.Release|x86.Build.0 = Release|Any CPU
		{DAEBCE9D-CA3A-490A-8CE7-6C740DA4120A}.Debug|Any CPU.ActiveCfg = Debug|Any CPU
		{DAEBCE9D-CA3A-490A-8CE7-6C740DA4120A}.Debug|Any CPU.Build.0 = Debug|Any CPU
		{DAEBCE9D-CA3A-490A-8CE7-6C740DA4120A}.Debug|x64.ActiveCfg = Debug|Any CPU
		{DAEBCE9D-CA3A-490A-8CE7-6C740DA4120A}.Debug|x64.Build.0 = Debug|Any CPU
		{DAEBCE9D-CA3A-490A-8CE7-6C740DA4120A}.Debug|x86.ActiveCfg = Debug|Any CPU
		{DAEBCE9D-CA3A-490A-8CE7-6C740DA4120A}.Debug|x86.Build.0 = Debug|Any CPU
		{DAEBCE9D-CA3A-490A-8CE7-6C740DA4120A}.Release|Any CPU.ActiveCfg = Release|Any CPU
		{DAEBCE9D-CA3A-490A-8CE7-6C740DA4120A}.Release|Any CPU.Build.0 = Release|Any CPU
		{DAEBCE9D-CA3A-490A-8CE7-6C740DA4120A}.Release|x64.ActiveCfg = Release|Any CPU
		{DAEBCE9D-CA3A-490A-8CE7-6C740DA4120A}.Release|x64.Build.0 = Release|Any CPU
		{DAEBCE9D-CA3A-490A-8CE7-6C740DA4120A}.Release|x86.ActiveCfg = Release|Any CPU
		{DAEBCE9D-CA3A-490A-8CE7-6C740DA4120A}.Release|x86.Build.0 = Release|Any CPU
		{B4BDBD30-B534-484E-BD7E-D189AAB20880}.Debug|Any CPU.ActiveCfg = Debug|Any CPU
		{B4BDBD30-B534-484E-BD7E-D189AAB20880}.Debug|Any CPU.Build.0 = Debug|Any CPU
		{B4BDBD30-B534-484E-BD7E-D189AAB20880}.Debug|x64.ActiveCfg = Debug|Any CPU
		{B4BDBD30-B534-484E-BD7E-D189AAB20880}.Debug|x64.Build.0 = Debug|Any CPU
		{B4BDBD30-B534-484E-BD7E-D189AAB20880}.Debug|x86.ActiveCfg = Debug|Any CPU
		{B4BDBD30-B534-484E-BD7E-D189AAB20880}.Debug|x86.Build.0 = Debug|Any CPU
		{B4BDBD30-B534-484E-BD7E-D189AAB20880}.Release|Any CPU.ActiveCfg = Release|Any CPU
		{B4BDBD30-B534-484E-BD7E-D189AAB20880}.Release|Any CPU.Build.0 = Release|Any CPU
		{B4BDBD30-B534-484E-BD7E-D189AAB20880}.Release|x64.ActiveCfg = Release|Any CPU
		{B4BDBD30-B534-484E-BD7E-D189AAB20880}.Release|x64.Build.0 = Release|Any CPU
		{B4BDBD30-B534-484E-BD7E-D189AAB20880}.Release|x86.ActiveCfg = Release|Any CPU
		{B4BDBD30-B534-484E-BD7E-D189AAB20880}.Release|x86.Build.0 = Release|Any CPU
		{BF3C86F1-5369-4D5F-BADD-889CD791C8B1}.Debug|Any CPU.ActiveCfg = Debug|Any CPU
		{BF3C86F1-5369-4D5F-BADD-889CD791C8B1}.Debug|Any CPU.Build.0 = Debug|Any CPU
		{BF3C86F1-5369-4D5F-BADD-889CD791C8B1}.Debug|x64.ActiveCfg = Debug|Any CPU
		{BF3C86F1-5369-4D5F-BADD-889CD791C8B1}.Debug|x64.Build.0 = Debug|Any CPU
		{BF3C86F1-5369-4D5F-BADD-889CD791C8B1}.Debug|x86.ActiveCfg = Debug|Any CPU
		{BF3C86F1-5369-4D5F-BADD-889CD791C8B1}.Debug|x86.Build.0 = Debug|Any CPU
		{BF3C86F1-5369-4D5F-BADD-889CD791C8B1}.Release|Any CPU.ActiveCfg = Release|Any CPU
		{BF3C86F1-5369-4D5F-BADD-889CD791C8B1}.Release|Any CPU.Build.0 = Release|Any CPU
		{BF3C86F1-5369-4D5F-BADD-889CD791C8B1}.Release|x64.ActiveCfg = Release|Any CPU
		{BF3C86F1-5369-4D5F-BADD-889CD791C8B1}.Release|x64.Build.0 = Release|Any CPU
		{BF3C86F1-5369-4D5F-BADD-889CD791C8B1}.Release|x86.ActiveCfg = Release|Any CPU
		{BF3C86F1-5369-4D5F-BADD-889CD791C8B1}.Release|x86.Build.0 = Release|Any CPU
		{AB8FC963-40FC-4B9C-B0CB-B806C376B8EE}.Debug|Any CPU.ActiveCfg = Debug|Any CPU
		{AB8FC963-40FC-4B9C-B0CB-B806C376B8EE}.Debug|Any CPU.Build.0 = Debug|Any CPU
		{AB8FC963-40FC-4B9C-B0CB-B806C376B8EE}.Debug|x64.ActiveCfg = Debug|Any CPU
		{AB8FC963-40FC-4B9C-B0CB-B806C376B8EE}.Debug|x64.Build.0 = Debug|Any CPU
		{AB8FC963-40FC-4B9C-B0CB-B806C376B8EE}.Debug|x86.ActiveCfg = Debug|Any CPU
		{AB8FC963-40FC-4B9C-B0CB-B806C376B8EE}.Debug|x86.Build.0 = Debug|Any CPU
		{AB8FC963-40FC-4B9C-B0CB-B806C376B8EE}.Release|Any CPU.ActiveCfg = Release|Any CPU
		{AB8FC963-40FC-4B9C-B0CB-B806C376B8EE}.Release|Any CPU.Build.0 = Release|Any CPU
		{AB8FC963-40FC-4B9C-B0CB-B806C376B8EE}.Release|x64.ActiveCfg = Release|Any CPU
		{AB8FC963-40FC-4B9C-B0CB-B806C376B8EE}.Release|x64.Build.0 = Release|Any CPU
		{AB8FC963-40FC-4B9C-B0CB-B806C376B8EE}.Release|x86.ActiveCfg = Release|Any CPU
		{AB8FC963-40FC-4B9C-B0CB-B806C376B8EE}.Release|x86.Build.0 = Release|Any CPU
		{82238AC2-7FB6-4C08-91D6-C952BF6559F4}.Debug|Any CPU.ActiveCfg = Debug|Any CPU
		{82238AC2-7FB6-4C08-91D6-C952BF6559F4}.Debug|Any CPU.Build.0 = Debug|Any CPU
		{82238AC2-7FB6-4C08-91D6-C952BF6559F4}.Debug|x64.ActiveCfg = Debug|Any CPU
		{82238AC2-7FB6-4C08-91D6-C952BF6559F4}.Debug|x64.Build.0 = Debug|Any CPU
		{82238AC2-7FB6-4C08-91D6-C952BF6559F4}.Debug|x86.ActiveCfg = Debug|Any CPU
		{82238AC2-7FB6-4C08-91D6-C952BF6559F4}.Debug|x86.Build.0 = Debug|Any CPU
		{82238AC2-7FB6-4C08-91D6-C952BF6559F4}.Release|Any CPU.ActiveCfg = Release|Any CPU
		{82238AC2-7FB6-4C08-91D6-C952BF6559F4}.Release|Any CPU.Build.0 = Release|Any CPU
		{82238AC2-7FB6-4C08-91D6-C952BF6559F4}.Release|x64.ActiveCfg = Release|Any CPU
		{82238AC2-7FB6-4C08-91D6-C952BF6559F4}.Release|x64.Build.0 = Release|Any CPU
		{82238AC2-7FB6-4C08-91D6-C952BF6559F4}.Release|x86.ActiveCfg = Release|Any CPU
		{82238AC2-7FB6-4C08-91D6-C952BF6559F4}.Release|x86.Build.0 = Release|Any CPU
		{4AA4D937-CECA-47D4-839C-BE0D0C6544A1}.Debug|Any CPU.ActiveCfg = Debug|Any CPU
		{4AA4D937-CECA-47D4-839C-BE0D0C6544A1}.Debug|Any CPU.Build.0 = Debug|Any CPU
		{4AA4D937-CECA-47D4-839C-BE0D0C6544A1}.Debug|x64.ActiveCfg = Debug|Any CPU
		{4AA4D937-CECA-47D4-839C-BE0D0C6544A1}.Debug|x64.Build.0 = Debug|Any CPU
		{4AA4D937-CECA-47D4-839C-BE0D0C6544A1}.Debug|x86.ActiveCfg = Debug|Any CPU
		{4AA4D937-CECA-47D4-839C-BE0D0C6544A1}.Debug|x86.Build.0 = Debug|Any CPU
		{4AA4D937-CECA-47D4-839C-BE0D0C6544A1}.Release|Any CPU.ActiveCfg = Release|Any CPU
		{4AA4D937-CECA-47D4-839C-BE0D0C6544A1}.Release|Any CPU.Build.0 = Release|Any CPU
		{4AA4D937-CECA-47D4-839C-BE0D0C6544A1}.Release|x64.ActiveCfg = Release|Any CPU
		{4AA4D937-CECA-47D4-839C-BE0D0C6544A1}.Release|x64.Build.0 = Release|Any CPU
		{4AA4D937-CECA-47D4-839C-BE0D0C6544A1}.Release|x86.ActiveCfg = Release|Any CPU
		{4AA4D937-CECA-47D4-839C-BE0D0C6544A1}.Release|x86.Build.0 = Release|Any CPU
		{B2B4ED50-DA71-4109-AFDC-AB8AB1E42EB2}.Debug|Any CPU.ActiveCfg = Debug|Any CPU
		{B2B4ED50-DA71-4109-AFDC-AB8AB1E42EB2}.Debug|Any CPU.Build.0 = Debug|Any CPU
		{B2B4ED50-DA71-4109-AFDC-AB8AB1E42EB2}.Debug|x64.ActiveCfg = Debug|Any CPU
		{B2B4ED50-DA71-4109-AFDC-AB8AB1E42EB2}.Debug|x64.Build.0 = Debug|Any CPU
		{B2B4ED50-DA71-4109-AFDC-AB8AB1E42EB2}.Debug|x86.ActiveCfg = Debug|Any CPU
		{B2B4ED50-DA71-4109-AFDC-AB8AB1E42EB2}.Debug|x86.Build.0 = Debug|Any CPU
		{B2B4ED50-DA71-4109-AFDC-AB8AB1E42EB2}.Release|Any CPU.ActiveCfg = Release|Any CPU
		{B2B4ED50-DA71-4109-AFDC-AB8AB1E42EB2}.Release|Any CPU.Build.0 = Release|Any CPU
		{B2B4ED50-DA71-4109-AFDC-AB8AB1E42EB2}.Release|x64.ActiveCfg = Release|Any CPU
		{B2B4ED50-DA71-4109-AFDC-AB8AB1E42EB2}.Release|x64.Build.0 = Release|Any CPU
		{B2B4ED50-DA71-4109-AFDC-AB8AB1E42EB2}.Release|x86.ActiveCfg = Release|Any CPU
		{B2B4ED50-DA71-4109-AFDC-AB8AB1E42EB2}.Release|x86.Build.0 = Release|Any CPU
		{71B7B836-E605-4057-80BF-BD2A22B01829}.Debug|Any CPU.ActiveCfg = Debug|Any CPU
		{71B7B836-E605-4057-80BF-BD2A22B01829}.Debug|Any CPU.Build.0 = Debug|Any CPU
		{71B7B836-E605-4057-80BF-BD2A22B01829}.Debug|x64.ActiveCfg = Debug|Any CPU
		{71B7B836-E605-4057-80BF-BD2A22B01829}.Debug|x64.Build.0 = Debug|Any CPU
		{71B7B836-E605-4057-80BF-BD2A22B01829}.Debug|x86.ActiveCfg = Debug|Any CPU
		{71B7B836-E605-4057-80BF-BD2A22B01829}.Debug|x86.Build.0 = Debug|Any CPU
		{71B7B836-E605-4057-80BF-BD2A22B01829}.Release|Any CPU.ActiveCfg = Release|Any CPU
		{71B7B836-E605-4057-80BF-BD2A22B01829}.Release|Any CPU.Build.0 = Release|Any CPU
		{71B7B836-E605-4057-80BF-BD2A22B01829}.Release|x64.ActiveCfg = Release|Any CPU
		{71B7B836-E605-4057-80BF-BD2A22B01829}.Release|x64.Build.0 = Release|Any CPU
		{71B7B836-E605-4057-80BF-BD2A22B01829}.Release|x86.ActiveCfg = Release|Any CPU
		{71B7B836-E605-4057-80BF-BD2A22B01829}.Release|x86.Build.0 = Release|Any CPU
		{F0C2A425-C24E-47B3-AD17-C71A040A4DDF}.Debug|Any CPU.ActiveCfg = Debug|Any CPU
		{F0C2A425-C24E-47B3-AD17-C71A040A4DDF}.Debug|Any CPU.Build.0 = Debug|Any CPU
		{F0C2A425-C24E-47B3-AD17-C71A040A4DDF}.Debug|x64.ActiveCfg = Debug|Any CPU
		{F0C2A425-C24E-47B3-AD17-C71A040A4DDF}.Debug|x64.Build.0 = Debug|Any CPU
		{F0C2A425-C24E-47B3-AD17-C71A040A4DDF}.Debug|x86.ActiveCfg = Debug|Any CPU
		{F0C2A425-C24E-47B3-AD17-C71A040A4DDF}.Debug|x86.Build.0 = Debug|Any CPU
		{F0C2A425-C24E-47B3-AD17-C71A040A4DDF}.Release|Any CPU.ActiveCfg = Release|Any CPU
		{F0C2A425-C24E-47B3-AD17-C71A040A4DDF}.Release|Any CPU.Build.0 = Release|Any CPU
		{F0C2A425-C24E-47B3-AD17-C71A040A4DDF}.Release|x64.ActiveCfg = Release|Any CPU
		{F0C2A425-C24E-47B3-AD17-C71A040A4DDF}.Release|x64.Build.0 = Release|Any CPU
		{F0C2A425-C24E-47B3-AD17-C71A040A4DDF}.Release|x86.ActiveCfg = Release|Any CPU
		{F0C2A425-C24E-47B3-AD17-C71A040A4DDF}.Release|x86.Build.0 = Release|Any CPU
		{984D9F9E-3ACE-4CB7-82DE-431D23D5BDE9}.Debug|Any CPU.ActiveCfg = Debug|Any CPU
		{984D9F9E-3ACE-4CB7-82DE-431D23D5BDE9}.Debug|Any CPU.Build.0 = Debug|Any CPU
		{984D9F9E-3ACE-4CB7-82DE-431D23D5BDE9}.Debug|x64.ActiveCfg = Debug|Any CPU
		{984D9F9E-3ACE-4CB7-82DE-431D23D5BDE9}.Debug|x64.Build.0 = Debug|Any CPU
		{984D9F9E-3ACE-4CB7-82DE-431D23D5BDE9}.Debug|x86.ActiveCfg = Debug|Any CPU
		{984D9F9E-3ACE-4CB7-82DE-431D23D5BDE9}.Debug|x86.Build.0 = Debug|Any CPU
		{984D9F9E-3ACE-4CB7-82DE-431D23D5BDE9}.Release|Any CPU.ActiveCfg = Release|Any CPU
		{984D9F9E-3ACE-4CB7-82DE-431D23D5BDE9}.Release|Any CPU.Build.0 = Release|Any CPU
		{984D9F9E-3ACE-4CB7-82DE-431D23D5BDE9}.Release|x64.ActiveCfg = Release|Any CPU
		{984D9F9E-3ACE-4CB7-82DE-431D23D5BDE9}.Release|x64.Build.0 = Release|Any CPU
		{984D9F9E-3ACE-4CB7-82DE-431D23D5BDE9}.Release|x86.ActiveCfg = Release|Any CPU
		{984D9F9E-3ACE-4CB7-82DE-431D23D5BDE9}.Release|x86.Build.0 = Release|Any CPU
		{A216A592-3459-4815-98D1-9F0E7894BB98}.Debug|Any CPU.ActiveCfg = Debug|Any CPU
		{A216A592-3459-4815-98D1-9F0E7894BB98}.Debug|Any CPU.Build.0 = Debug|Any CPU
		{A216A592-3459-4815-98D1-9F0E7894BB98}.Debug|x64.ActiveCfg = Debug|Any CPU
		{A216A592-3459-4815-98D1-9F0E7894BB98}.Debug|x64.Build.0 = Debug|Any CPU
		{A216A592-3459-4815-98D1-9F0E7894BB98}.Debug|x86.ActiveCfg = Debug|Any CPU
		{A216A592-3459-4815-98D1-9F0E7894BB98}.Debug|x86.Build.0 = Debug|Any CPU
		{A216A592-3459-4815-98D1-9F0E7894BB98}.Release|Any CPU.ActiveCfg = Release|Any CPU
		{A216A592-3459-4815-98D1-9F0E7894BB98}.Release|Any CPU.Build.0 = Release|Any CPU
		{A216A592-3459-4815-98D1-9F0E7894BB98}.Release|x64.ActiveCfg = Release|Any CPU
		{A216A592-3459-4815-98D1-9F0E7894BB98}.Release|x64.Build.0 = Release|Any CPU
		{A216A592-3459-4815-98D1-9F0E7894BB98}.Release|x86.ActiveCfg = Release|Any CPU
		{A216A592-3459-4815-98D1-9F0E7894BB98}.Release|x86.Build.0 = Release|Any CPU
		{0BF7AFCA-EC49-4784-A436-B908F4ED2086}.Debug|Any CPU.ActiveCfg = Debug|Any CPU
		{0BF7AFCA-EC49-4784-A436-B908F4ED2086}.Debug|Any CPU.Build.0 = Debug|Any CPU
		{0BF7AFCA-EC49-4784-A436-B908F4ED2086}.Debug|x64.ActiveCfg = Debug|Any CPU
		{0BF7AFCA-EC49-4784-A436-B908F4ED2086}.Debug|x64.Build.0 = Debug|Any CPU
		{0BF7AFCA-EC49-4784-A436-B908F4ED2086}.Debug|x86.ActiveCfg = Debug|Any CPU
		{0BF7AFCA-EC49-4784-A436-B908F4ED2086}.Debug|x86.Build.0 = Debug|Any CPU
		{0BF7AFCA-EC49-4784-A436-B908F4ED2086}.Release|Any CPU.ActiveCfg = Release|Any CPU
		{0BF7AFCA-EC49-4784-A436-B908F4ED2086}.Release|Any CPU.Build.0 = Release|Any CPU
		{0BF7AFCA-EC49-4784-A436-B908F4ED2086}.Release|x64.ActiveCfg = Release|Any CPU
		{0BF7AFCA-EC49-4784-A436-B908F4ED2086}.Release|x64.Build.0 = Release|Any CPU
		{0BF7AFCA-EC49-4784-A436-B908F4ED2086}.Release|x86.ActiveCfg = Release|Any CPU
		{0BF7AFCA-EC49-4784-A436-B908F4ED2086}.Release|x86.Build.0 = Release|Any CPU
		{8E6542AF-E22A-4DE0-BF10-038D2D83AF91}.Debug|Any CPU.ActiveCfg = Debug|Any CPU
		{8E6542AF-E22A-4DE0-BF10-038D2D83AF91}.Debug|Any CPU.Build.0 = Debug|Any CPU
		{8E6542AF-E22A-4DE0-BF10-038D2D83AF91}.Debug|x64.ActiveCfg = Debug|Any CPU
		{8E6542AF-E22A-4DE0-BF10-038D2D83AF91}.Debug|x64.Build.0 = Debug|Any CPU
		{8E6542AF-E22A-4DE0-BF10-038D2D83AF91}.Debug|x86.ActiveCfg = Debug|Any CPU
		{8E6542AF-E22A-4DE0-BF10-038D2D83AF91}.Debug|x86.Build.0 = Debug|Any CPU
		{8E6542AF-E22A-4DE0-BF10-038D2D83AF91}.Release|Any CPU.ActiveCfg = Release|Any CPU
		{8E6542AF-E22A-4DE0-BF10-038D2D83AF91}.Release|Any CPU.Build.0 = Release|Any CPU
		{8E6542AF-E22A-4DE0-BF10-038D2D83AF91}.Release|x64.ActiveCfg = Release|Any CPU
		{8E6542AF-E22A-4DE0-BF10-038D2D83AF91}.Release|x64.Build.0 = Release|Any CPU
		{8E6542AF-E22A-4DE0-BF10-038D2D83AF91}.Release|x86.ActiveCfg = Release|Any CPU
		{8E6542AF-E22A-4DE0-BF10-038D2D83AF91}.Release|x86.Build.0 = Release|Any CPU
		{CE9BEE12-9292-4CCF-AA03-CEF7836BEF9D}.Debug|Any CPU.ActiveCfg = Debug|Any CPU
		{CE9BEE12-9292-4CCF-AA03-CEF7836BEF9D}.Debug|Any CPU.Build.0 = Debug|Any CPU
		{CE9BEE12-9292-4CCF-AA03-CEF7836BEF9D}.Debug|x64.ActiveCfg = Debug|Any CPU
		{CE9BEE12-9292-4CCF-AA03-CEF7836BEF9D}.Debug|x64.Build.0 = Debug|Any CPU
		{CE9BEE12-9292-4CCF-AA03-CEF7836BEF9D}.Debug|x86.ActiveCfg = Debug|Any CPU
		{CE9BEE12-9292-4CCF-AA03-CEF7836BEF9D}.Debug|x86.Build.0 = Debug|Any CPU
		{CE9BEE12-9292-4CCF-AA03-CEF7836BEF9D}.Release|Any CPU.ActiveCfg = Release|Any CPU
		{CE9BEE12-9292-4CCF-AA03-CEF7836BEF9D}.Release|Any CPU.Build.0 = Release|Any CPU
		{CE9BEE12-9292-4CCF-AA03-CEF7836BEF9D}.Release|x64.ActiveCfg = Release|Any CPU
		{CE9BEE12-9292-4CCF-AA03-CEF7836BEF9D}.Release|x64.Build.0 = Release|Any CPU
		{CE9BEE12-9292-4CCF-AA03-CEF7836BEF9D}.Release|x86.ActiveCfg = Release|Any CPU
		{CE9BEE12-9292-4CCF-AA03-CEF7836BEF9D}.Release|x86.Build.0 = Release|Any CPU
		{970D23CC-A3E6-4FF1-8632-5B5B662C1D64}.Debug|Any CPU.ActiveCfg = Debug|Any CPU
		{970D23CC-A3E6-4FF1-8632-5B5B662C1D64}.Debug|Any CPU.Build.0 = Debug|Any CPU
		{970D23CC-A3E6-4FF1-8632-5B5B662C1D64}.Debug|x64.ActiveCfg = Debug|Any CPU
		{970D23CC-A3E6-4FF1-8632-5B5B662C1D64}.Debug|x64.Build.0 = Debug|Any CPU
		{970D23CC-A3E6-4FF1-8632-5B5B662C1D64}.Debug|x86.ActiveCfg = Debug|Any CPU
		{970D23CC-A3E6-4FF1-8632-5B5B662C1D64}.Debug|x86.Build.0 = Debug|Any CPU
		{970D23CC-A3E6-4FF1-8632-5B5B662C1D64}.Release|Any CPU.ActiveCfg = Release|Any CPU
		{970D23CC-A3E6-4FF1-8632-5B5B662C1D64}.Release|Any CPU.Build.0 = Release|Any CPU
		{970D23CC-A3E6-4FF1-8632-5B5B662C1D64}.Release|x64.ActiveCfg = Release|Any CPU
		{970D23CC-A3E6-4FF1-8632-5B5B662C1D64}.Release|x64.Build.0 = Release|Any CPU
		{970D23CC-A3E6-4FF1-8632-5B5B662C1D64}.Release|x86.ActiveCfg = Release|Any CPU
		{970D23CC-A3E6-4FF1-8632-5B5B662C1D64}.Release|x86.Build.0 = Release|Any CPU
		{64584896-ACE7-45EC-AF0C-08A9302D9E62}.Debug|Any CPU.ActiveCfg = Debug|Any CPU
		{64584896-ACE7-45EC-AF0C-08A9302D9E62}.Debug|Any CPU.Build.0 = Debug|Any CPU
		{64584896-ACE7-45EC-AF0C-08A9302D9E62}.Debug|x64.ActiveCfg = Debug|Any CPU
		{64584896-ACE7-45EC-AF0C-08A9302D9E62}.Debug|x64.Build.0 = Debug|Any CPU
		{64584896-ACE7-45EC-AF0C-08A9302D9E62}.Debug|x86.ActiveCfg = Debug|Any CPU
		{64584896-ACE7-45EC-AF0C-08A9302D9E62}.Debug|x86.Build.0 = Debug|Any CPU
		{64584896-ACE7-45EC-AF0C-08A9302D9E62}.Release|Any CPU.ActiveCfg = Release|Any CPU
		{64584896-ACE7-45EC-AF0C-08A9302D9E62}.Release|Any CPU.Build.0 = Release|Any CPU
		{64584896-ACE7-45EC-AF0C-08A9302D9E62}.Release|x64.ActiveCfg = Release|Any CPU
		{64584896-ACE7-45EC-AF0C-08A9302D9E62}.Release|x64.Build.0 = Release|Any CPU
		{64584896-ACE7-45EC-AF0C-08A9302D9E62}.Release|x86.ActiveCfg = Release|Any CPU
		{64584896-ACE7-45EC-AF0C-08A9302D9E62}.Release|x86.Build.0 = Release|Any CPU
		{2DE93672-24F7-4CBC-A7B9-112C123CBDF3}.Debug|Any CPU.ActiveCfg = Debug|Any CPU
		{2DE93672-24F7-4CBC-A7B9-112C123CBDF3}.Debug|Any CPU.Build.0 = Debug|Any CPU
		{2DE93672-24F7-4CBC-A7B9-112C123CBDF3}.Debug|x64.ActiveCfg = Debug|Any CPU
		{2DE93672-24F7-4CBC-A7B9-112C123CBDF3}.Debug|x64.Build.0 = Debug|Any CPU
		{2DE93672-24F7-4CBC-A7B9-112C123CBDF3}.Debug|x86.ActiveCfg = Debug|Any CPU
		{2DE93672-24F7-4CBC-A7B9-112C123CBDF3}.Debug|x86.Build.0 = Debug|Any CPU
		{2DE93672-24F7-4CBC-A7B9-112C123CBDF3}.Release|Any CPU.ActiveCfg = Release|Any CPU
		{2DE93672-24F7-4CBC-A7B9-112C123CBDF3}.Release|Any CPU.Build.0 = Release|Any CPU
		{2DE93672-24F7-4CBC-A7B9-112C123CBDF3}.Release|x64.ActiveCfg = Release|Any CPU
		{2DE93672-24F7-4CBC-A7B9-112C123CBDF3}.Release|x64.Build.0 = Release|Any CPU
		{2DE93672-24F7-4CBC-A7B9-112C123CBDF3}.Release|x86.ActiveCfg = Release|Any CPU
		{2DE93672-24F7-4CBC-A7B9-112C123CBDF3}.Release|x86.Build.0 = Release|Any CPU
		{C29F6D79-DC9F-4C57-B606-3257EEBD6999}.Debug|Any CPU.ActiveCfg = Debug|Any CPU
		{C29F6D79-DC9F-4C57-B606-3257EEBD6999}.Debug|Any CPU.Build.0 = Debug|Any CPU
		{C29F6D79-DC9F-4C57-B606-3257EEBD6999}.Debug|x64.ActiveCfg = Debug|Any CPU
		{C29F6D79-DC9F-4C57-B606-3257EEBD6999}.Debug|x64.Build.0 = Debug|Any CPU
		{C29F6D79-DC9F-4C57-B606-3257EEBD6999}.Debug|x86.ActiveCfg = Debug|Any CPU
		{C29F6D79-DC9F-4C57-B606-3257EEBD6999}.Debug|x86.Build.0 = Debug|Any CPU
		{C29F6D79-DC9F-4C57-B606-3257EEBD6999}.Release|Any CPU.ActiveCfg = Release|Any CPU
		{C29F6D79-DC9F-4C57-B606-3257EEBD6999}.Release|Any CPU.Build.0 = Release|Any CPU
		{C29F6D79-DC9F-4C57-B606-3257EEBD6999}.Release|x64.ActiveCfg = Release|Any CPU
		{C29F6D79-DC9F-4C57-B606-3257EEBD6999}.Release|x64.Build.0 = Release|Any CPU
		{C29F6D79-DC9F-4C57-B606-3257EEBD6999}.Release|x86.ActiveCfg = Release|Any CPU
		{C29F6D79-DC9F-4C57-B606-3257EEBD6999}.Release|x86.Build.0 = Release|Any CPU
		{01090F3B-1F04-476B-AE17-D3743E5CD208}.Debug|Any CPU.ActiveCfg = Debug|Any CPU
		{01090F3B-1F04-476B-AE17-D3743E5CD208}.Debug|Any CPU.Build.0 = Debug|Any CPU
		{01090F3B-1F04-476B-AE17-D3743E5CD208}.Debug|x64.ActiveCfg = Debug|Any CPU
		{01090F3B-1F04-476B-AE17-D3743E5CD208}.Debug|x64.Build.0 = Debug|Any CPU
		{01090F3B-1F04-476B-AE17-D3743E5CD208}.Debug|x86.ActiveCfg = Debug|Any CPU
		{01090F3B-1F04-476B-AE17-D3743E5CD208}.Debug|x86.Build.0 = Debug|Any CPU
		{01090F3B-1F04-476B-AE17-D3743E5CD208}.Release|Any CPU.ActiveCfg = Release|Any CPU
		{01090F3B-1F04-476B-AE17-D3743E5CD208}.Release|Any CPU.Build.0 = Release|Any CPU
		{01090F3B-1F04-476B-AE17-D3743E5CD208}.Release|x64.ActiveCfg = Release|Any CPU
		{01090F3B-1F04-476B-AE17-D3743E5CD208}.Release|x64.Build.0 = Release|Any CPU
		{01090F3B-1F04-476B-AE17-D3743E5CD208}.Release|x86.ActiveCfg = Release|Any CPU
		{01090F3B-1F04-476B-AE17-D3743E5CD208}.Release|x86.Build.0 = Release|Any CPU
		{30BB91F5-CFEE-4FF5-9B15-6740D48D709D}.Debug|Any CPU.ActiveCfg = Debug|Any CPU
		{30BB91F5-CFEE-4FF5-9B15-6740D48D709D}.Debug|Any CPU.Build.0 = Debug|Any CPU
		{30BB91F5-CFEE-4FF5-9B15-6740D48D709D}.Debug|x64.ActiveCfg = Debug|Any CPU
		{30BB91F5-CFEE-4FF5-9B15-6740D48D709D}.Debug|x64.Build.0 = Debug|Any CPU
		{30BB91F5-CFEE-4FF5-9B15-6740D48D709D}.Debug|x86.ActiveCfg = Debug|Any CPU
		{30BB91F5-CFEE-4FF5-9B15-6740D48D709D}.Debug|x86.Build.0 = Debug|Any CPU
		{30BB91F5-CFEE-4FF5-9B15-6740D48D709D}.Release|Any CPU.ActiveCfg = Release|Any CPU
		{30BB91F5-CFEE-4FF5-9B15-6740D48D709D}.Release|Any CPU.Build.0 = Release|Any CPU
		{30BB91F5-CFEE-4FF5-9B15-6740D48D709D}.Release|x64.ActiveCfg = Release|Any CPU
		{30BB91F5-CFEE-4FF5-9B15-6740D48D709D}.Release|x64.Build.0 = Release|Any CPU
		{30BB91F5-CFEE-4FF5-9B15-6740D48D709D}.Release|x86.ActiveCfg = Release|Any CPU
		{30BB91F5-CFEE-4FF5-9B15-6740D48D709D}.Release|x86.Build.0 = Release|Any CPU
		{FD6D3867-D613-4FC0-B70F-58BE05BAFB7E}.Debug|Any CPU.ActiveCfg = Debug|Any CPU
		{FD6D3867-D613-4FC0-B70F-58BE05BAFB7E}.Debug|Any CPU.Build.0 = Debug|Any CPU
		{FD6D3867-D613-4FC0-B70F-58BE05BAFB7E}.Debug|x64.ActiveCfg = Debug|Any CPU
		{FD6D3867-D613-4FC0-B70F-58BE05BAFB7E}.Debug|x64.Build.0 = Debug|Any CPU
		{FD6D3867-D613-4FC0-B70F-58BE05BAFB7E}.Debug|x86.ActiveCfg = Debug|Any CPU
		{FD6D3867-D613-4FC0-B70F-58BE05BAFB7E}.Debug|x86.Build.0 = Debug|Any CPU
		{FD6D3867-D613-4FC0-B70F-58BE05BAFB7E}.Release|Any CPU.ActiveCfg = Release|Any CPU
		{FD6D3867-D613-4FC0-B70F-58BE05BAFB7E}.Release|Any CPU.Build.0 = Release|Any CPU
		{FD6D3867-D613-4FC0-B70F-58BE05BAFB7E}.Release|x64.ActiveCfg = Release|Any CPU
		{FD6D3867-D613-4FC0-B70F-58BE05BAFB7E}.Release|x64.Build.0 = Release|Any CPU
		{FD6D3867-D613-4FC0-B70F-58BE05BAFB7E}.Release|x86.ActiveCfg = Release|Any CPU
		{FD6D3867-D613-4FC0-B70F-58BE05BAFB7E}.Release|x86.Build.0 = Release|Any CPU
		{7850C41A-4510-42E7-BE04-B46B3B48FB69}.Debug|Any CPU.ActiveCfg = Debug|Any CPU
		{7850C41A-4510-42E7-BE04-B46B3B48FB69}.Debug|Any CPU.Build.0 = Debug|Any CPU
		{7850C41A-4510-42E7-BE04-B46B3B48FB69}.Debug|x64.ActiveCfg = Debug|Any CPU
		{7850C41A-4510-42E7-BE04-B46B3B48FB69}.Debug|x64.Build.0 = Debug|Any CPU
		{7850C41A-4510-42E7-BE04-B46B3B48FB69}.Debug|x86.ActiveCfg = Debug|Any CPU
		{7850C41A-4510-42E7-BE04-B46B3B48FB69}.Debug|x86.Build.0 = Debug|Any CPU
		{7850C41A-4510-42E7-BE04-B46B3B48FB69}.Release|Any CPU.ActiveCfg = Release|Any CPU
		{7850C41A-4510-42E7-BE04-B46B3B48FB69}.Release|Any CPU.Build.0 = Release|Any CPU
		{7850C41A-4510-42E7-BE04-B46B3B48FB69}.Release|x64.ActiveCfg = Release|Any CPU
		{7850C41A-4510-42E7-BE04-B46B3B48FB69}.Release|x64.Build.0 = Release|Any CPU
		{7850C41A-4510-42E7-BE04-B46B3B48FB69}.Release|x86.ActiveCfg = Release|Any CPU
		{7850C41A-4510-42E7-BE04-B46B3B48FB69}.Release|x86.Build.0 = Release|Any CPU
		{63E8C5E8-0EEF-4289-BEDE-92B3D21E55F6}.Debug|Any CPU.ActiveCfg = Debug|Any CPU
		{63E8C5E8-0EEF-4289-BEDE-92B3D21E55F6}.Debug|Any CPU.Build.0 = Debug|Any CPU
		{63E8C5E8-0EEF-4289-BEDE-92B3D21E55F6}.Debug|x64.ActiveCfg = Debug|Any CPU
		{63E8C5E8-0EEF-4289-BEDE-92B3D21E55F6}.Debug|x64.Build.0 = Debug|Any CPU
		{63E8C5E8-0EEF-4289-BEDE-92B3D21E55F6}.Debug|x86.ActiveCfg = Debug|Any CPU
		{63E8C5E8-0EEF-4289-BEDE-92B3D21E55F6}.Debug|x86.Build.0 = Debug|Any CPU
		{63E8C5E8-0EEF-4289-BEDE-92B3D21E55F6}.Release|Any CPU.ActiveCfg = Release|Any CPU
		{63E8C5E8-0EEF-4289-BEDE-92B3D21E55F6}.Release|Any CPU.Build.0 = Release|Any CPU
		{63E8C5E8-0EEF-4289-BEDE-92B3D21E55F6}.Release|x64.ActiveCfg = Release|Any CPU
		{63E8C5E8-0EEF-4289-BEDE-92B3D21E55F6}.Release|x64.Build.0 = Release|Any CPU
		{63E8C5E8-0EEF-4289-BEDE-92B3D21E55F6}.Release|x86.ActiveCfg = Release|Any CPU
		{63E8C5E8-0EEF-4289-BEDE-92B3D21E55F6}.Release|x86.Build.0 = Release|Any CPU
		{13AFE2E0-06A5-4806-8D0A-F2661918B9D3}.Debug|Any CPU.ActiveCfg = Debug|Any CPU
		{13AFE2E0-06A5-4806-8D0A-F2661918B9D3}.Debug|Any CPU.Build.0 = Debug|Any CPU
		{13AFE2E0-06A5-4806-8D0A-F2661918B9D3}.Debug|x64.ActiveCfg = Debug|Any CPU
		{13AFE2E0-06A5-4806-8D0A-F2661918B9D3}.Debug|x64.Build.0 = Debug|Any CPU
		{13AFE2E0-06A5-4806-8D0A-F2661918B9D3}.Debug|x86.ActiveCfg = Debug|Any CPU
		{13AFE2E0-06A5-4806-8D0A-F2661918B9D3}.Debug|x86.Build.0 = Debug|Any CPU
		{13AFE2E0-06A5-4806-8D0A-F2661918B9D3}.Release|Any CPU.ActiveCfg = Release|Any CPU
		{13AFE2E0-06A5-4806-8D0A-F2661918B9D3}.Release|Any CPU.Build.0 = Release|Any CPU
		{13AFE2E0-06A5-4806-8D0A-F2661918B9D3}.Release|x64.ActiveCfg = Release|Any CPU
		{13AFE2E0-06A5-4806-8D0A-F2661918B9D3}.Release|x64.Build.0 = Release|Any CPU
		{13AFE2E0-06A5-4806-8D0A-F2661918B9D3}.Release|x86.ActiveCfg = Release|Any CPU
		{13AFE2E0-06A5-4806-8D0A-F2661918B9D3}.Release|x86.Build.0 = Release|Any CPU
		{D359D292-C30D-44B1-859D-464A0DE4ED25}.Debug|Any CPU.ActiveCfg = Debug|Any CPU
		{D359D292-C30D-44B1-859D-464A0DE4ED25}.Debug|Any CPU.Build.0 = Debug|Any CPU
		{D359D292-C30D-44B1-859D-464A0DE4ED25}.Debug|x64.ActiveCfg = Debug|Any CPU
		{D359D292-C30D-44B1-859D-464A0DE4ED25}.Debug|x64.Build.0 = Debug|Any CPU
		{D359D292-C30D-44B1-859D-464A0DE4ED25}.Debug|x86.ActiveCfg = Debug|Any CPU
		{D359D292-C30D-44B1-859D-464A0DE4ED25}.Debug|x86.Build.0 = Debug|Any CPU
		{D359D292-C30D-44B1-859D-464A0DE4ED25}.Release|Any CPU.ActiveCfg = Release|Any CPU
		{D359D292-C30D-44B1-859D-464A0DE4ED25}.Release|Any CPU.Build.0 = Release|Any CPU
		{D359D292-C30D-44B1-859D-464A0DE4ED25}.Release|x64.ActiveCfg = Release|Any CPU
		{D359D292-C30D-44B1-859D-464A0DE4ED25}.Release|x64.Build.0 = Release|Any CPU
		{D359D292-C30D-44B1-859D-464A0DE4ED25}.Release|x86.ActiveCfg = Release|Any CPU
		{D359D292-C30D-44B1-859D-464A0DE4ED25}.Release|x86.Build.0 = Release|Any CPU
	EndGlobalSection
	GlobalSection(SolutionProperties) = preSolution
		HideSolutionNode = FALSE
	EndGlobalSection
	GlobalSection(NestedProjects) = preSolution
		{18448ED3-612A-4C22-B5C8-5702AE299C44} = {D4EA3B86-3C0A-4B2E-9D3D-792999DB8F89}
		{7BC10AEE-CFDB-4AC2-ACC0-7EEA2B5101D0} = {536E0F21-D8D0-4BA6-BDE1-242BBAF0CFB2}
		{DAEBCE9D-CA3A-490A-8CE7-6C740DA4120A} = {536E0F21-D8D0-4BA6-BDE1-242BBAF0CFB2}
		{B4BDBD30-B534-484E-BD7E-D189AAB20880} = {D9AF5089-5603-4C6D-BBF1-AE0888FC9FA0}
		{BF3C86F1-5369-4D5F-BADD-889CD791C8B1} = {1CD879A2-FB05-4388-B0D3-DF2BFCC6D1BE}
		{AB8FC963-40FC-4B9C-B0CB-B806C376B8EE} = {D4EA3B86-3C0A-4B2E-9D3D-792999DB8F89}
		{82238AC2-7FB6-4C08-91D6-C952BF6559F4} = {536E0F21-D8D0-4BA6-BDE1-242BBAF0CFB2}
		{4AA4D937-CECA-47D4-839C-BE0D0C6544A1} = {C61D1924-48CA-4B33-8AED-7CBC5A901E95}
		{D4EA3B86-3C0A-4B2E-9D3D-792999DB8F89} = {33BC6464-C5AF-4125-8D75-EB40090B33B1}
		{536E0F21-D8D0-4BA6-BDE1-242BBAF0CFB2} = {33BC6464-C5AF-4125-8D75-EB40090B33B1}
		{C61D1924-48CA-4B33-8AED-7CBC5A901E95} = {33BC6464-C5AF-4125-8D75-EB40090B33B1}
		{D9AF5089-5603-4C6D-BBF1-AE0888FC9FA0} = {33BC6464-C5AF-4125-8D75-EB40090B33B1}
		{B2B4ED50-DA71-4109-AFDC-AB8AB1E42EB2} = {D4EA3B86-3C0A-4B2E-9D3D-792999DB8F89}
		{71B7B836-E605-4057-80BF-BD2A22B01829} = {D4EA3B86-3C0A-4B2E-9D3D-792999DB8F89}
		{F0C2A425-C24E-47B3-AD17-C71A040A4DDF} = {D4EA3B86-3C0A-4B2E-9D3D-792999DB8F89}
		{984D9F9E-3ACE-4CB7-82DE-431D23D5BDE9} = {02EA681E-C7D8-13C7-8484-4AC65E1B71E8}
		{02EA681E-C7D8-13C7-8484-4AC65E1B71E8} = {33BC6464-C5AF-4125-8D75-EB40090B33B1}
		{1CD879A2-FB05-4388-B0D3-DF2BFCC6D1BE} = {33BC6464-C5AF-4125-8D75-EB40090B33B1}
		{A216A592-3459-4815-98D1-9F0E7894BB98} = {1CD879A2-FB05-4388-B0D3-DF2BFCC6D1BE}
		{0BF7AFCA-EC49-4784-A436-B908F4ED2086} = {C61D1924-48CA-4B33-8AED-7CBC5A901E95}
		{8E6542AF-E22A-4DE0-BF10-038D2D83AF91} = {0E772054-7531-4D26-93B2-D79D9F91F75D}
		{CE9BEE12-9292-4CCF-AA03-CEF7836BEF9D} = {0E772054-7531-4D26-93B2-D79D9F91F75D}
		{970D23CC-A3E6-4FF1-8632-5B5B662C1D64} = {40F48CFF-AD2E-45F3-8257-B43E5ABB8EA1}
		{2DE93672-24F7-4CBC-A7B9-112C123CBDF3} = {40F48CFF-AD2E-45F3-8257-B43E5ABB8EA1}
		{C29F6D79-DC9F-4C57-B606-3257EEBD6999} = {40F48CFF-AD2E-45F3-8257-B43E5ABB8EA1}
		{434CE7A7-F500-4C19-B9AA-F0349DF4619F} = {33BC6464-C5AF-4125-8D75-EB40090B33B1}
		{01090F3B-1F04-476B-AE17-D3743E5CD208} = {434CE7A7-F500-4C19-B9AA-F0349DF4619F}
		{30BB91F5-CFEE-4FF5-9B15-6740D48D709D} = {40F48CFF-AD2E-45F3-8257-B43E5ABB8EA1}
		{FD6D3867-D613-4FC0-B70F-58BE05BAFB7E} = {D4EA3B86-3C0A-4B2E-9D3D-792999DB8F89}
		{7850C41A-4510-42E7-BE04-B46B3B48FB69} = {BAE0C484-FBAD-4385-AD30-02C620B0C00C}
		{63E8C5E8-0EEF-4289-BEDE-92B3D21E55F6} = {1CD879A2-FB05-4388-B0D3-DF2BFCC6D1BE}
		{13AFE2E0-06A5-4806-8D0A-F2661918B9D3} = {C61D1924-48CA-4B33-8AED-7CBC5A901E95}
	EndGlobalSection
	GlobalSection(ExtensibilityGlobals) = postSolution
		SolutionGuid = {6D377202-0D2B-49BB-8FB3-D067A4AB4020}
	EndGlobalSection
EndGlobal
